
Microsoft Visual Studio Solution File, Format Version 12.00
# Visual Studio Version 16
VisualStudioVersion = 16.0.31112.23
MinimumVisualStudioVersion = 10.0.40219.1
Project("{9A19103F-16F7-4668-BE54-9A1E7A4F7556}") = "SunProject", "SunProject\SunProject.csproj", "{4C7E8B88-A3D3-404E-9A7D-221038D04473}"
EndProject
Project("{FAE04EC0-301F-11D3-BF4B-00C04F79EFBC}") = "Core", "Core\Core.csproj", "{303BB4CE-7984-4350-BB32-72EAED283957}"
EndProject
Project("{FAE04EC0-301F-11D3-BF4B-00C04F79EFBC}") = "Infrastructure", "Infrastructure\Infrastructure.csproj", "{B0EFC71F-7C03-4B30-AA4F-EC8778716E5C}"
EndProject
Global
	GlobalSection(SolutionConfigurationPlatforms) = preSolution
		Debug|Any CPU = Debug|Any CPU
		Release|Any CPU = Release|Any CPU
	EndGlobalSection
	GlobalSection(ProjectConfigurationPlatforms) = postSolution
		{4C7E8B88-A3D3-404E-9A7D-221038D04473}.Debug|Any CPU.ActiveCfg = Debug|Any CPU
		{4C7E8B88-A3D3-404E-9A7D-221038D04473}.Debug|Any CPU.Build.0 = Debug|Any CPU
		{4C7E8B88-A3D3-404E-9A7D-221038D04473}.Release|Any CPU.ActiveCfg = Release|Any CPU
		{4C7E8B88-A3D3-404E-9A7D-221038D04473}.Release|Any CPU.Build.0 = Release|Any CPU
		{303BB4CE-7984-4350-BB32-72EAED283957}.Debug|Any CPU.ActiveCfg = Debug|Any CPU
		{303BB4CE-7984-4350-BB32-72EAED283957}.Debug|Any CPU.Build.0 = Debug|Any CPU
		{303BB4CE-7984-4350-BB32-72EAED283957}.Release|Any CPU.ActiveCfg = Release|Any CPU
		{303BB4CE-7984-4350-BB32-72EAED283957}.Release|Any CPU.Build.0 = Release|Any CPU
		{B0EFC71F-7C03-4B30-AA4F-EC8778716E5C}.Debug|Any CPU.ActiveCfg = Debug|Any CPU
		{B0EFC71F-7C03-4B30-AA4F-EC8778716E5C}.Debug|Any CPU.Build.0 = Debug|Any CPU
		{B0EFC71F-7C03-4B30-AA4F-EC8778716E5C}.Release|Any CPU.ActiveCfg = Release|Any CPU
		{B0EFC71F-7C03-4B30-AA4F-EC8778716E5C}.Release|Any CPU.Build.0 = Release|Any CPU
	EndGlobalSection
	GlobalSection(SolutionProperties) = preSolution
		HideSolutionNode = FALSE
	EndGlobalSection
	GlobalSection(ExtensibilityGlobals) = postSolution
		SolutionGuid = {09F2B366-FBFB-4910-8695-2B29F66BE8C9}
	EndGlobalSection
EndGlobal
